
Microsoft Visual Studio Solution File, Format Version 12.00
# Visual Studio 15
VisualStudioVersion = 15.0.27703.2035
MinimumVisualStudioVersion = 10.0.40219.1
Project("{FAE04EC0-301F-11D3-BF4B-00C04F79EFBC}") = "TestWebApi", "TestWebApi\TestWebApi.csproj", "{C6A861E7-C0DE-47EE-BE4D-A5EC648134EE}"
EndProject
Global
	GlobalSection(SolutionConfigurationPlatforms) = preSolution
		Debug|Any CPU = Debug|Any CPU
		Release|Any CPU = Release|Any CPU
	EndGlobalSection
	GlobalSection(ProjectConfigurationPlatforms) = postSolution
		{C6A861E7-C0DE-47EE-BE4D-A5EC648134EE}.Debug|Any CPU.ActiveCfg = Debug|Any CPU
		{C6A861E7-C0DE-47EE-BE4D-A5EC648134EE}.Debug|Any CPU.Build.0 = Debug|Any CPU
		{C6A861E7-C0DE-47EE-BE4D-A5EC648134EE}.Release|Any CPU.ActiveCfg = Release|Any CPU
		{C6A861E7-C0DE-47EE-BE4D-A5EC648134EE}.Release|Any CPU.Build.0 = Release|Any CPU
	EndGlobalSection
	GlobalSection(SolutionProperties) = preSolution
		HideSolutionNode = FALSE
	EndGlobalSection
	GlobalSection(ExtensibilityGlobals) = postSolution
		SolutionGuid = {A396D5FA-14A9-431D-8E61-B5533F766877}
	EndGlobalSection
EndGlobal
